
Microsoft Visual Studio Solution File, Format Version 12.00
# Visual Studio Version 17
VisualStudioVersion = 17.10.35013.160
MinimumVisualStudioVersion = 10.0.40219.1
Project("{9A19103F-16F7-4668-BE54-9A1E7A4F7556}") = "ExpoApp.Api", "UExpo\ExpoApp.Api.csproj", "{1A89B0B9-8016-489E-B92E-0E3DAA72F338}"
EndProject
Project("{2150E333-8FDC-42A3-9474-1A3956D46DE8}") = "Solution Items", "Solution Items", "{4A9F7299-9726-4212-82CC-96D9D60EC925}"
	ProjectSection(SolutionItems) = preProject
		.editorconfig = .editorconfig
	EndProjectSection
EndProject
Project("{2150E333-8FDC-42A3-9474-1A3956D46DE8}") = "ExpoShared", "ExpoShared", "{253F6DA0-B4EC-4893-A4E4-E1C25640FA0E}"
EndProject
Project("{FAE04EC0-301F-11D3-BF4B-00C04F79EFBC}") = "ExpoShared.Repository", "ExpoShared\UExpo.Repository\ExpoShared.Repository.csproj", "{AB488ECA-E418-48D4-924A-BBA2A74BECA5}"
EndProject
Project("{FAE04EC0-301F-11D3-BF4B-00C04F79EFBC}") = "ExpoShared.Infrastructure", "ExpoShared\UExpo.Infrastructure\ExpoShared.Infrastructure.csproj", "{5CCE6067-5D3B-4AF0-85B7-C176CBFB3AF0}"
EndProject
Project("{FAE04EC0-301F-11D3-BF4B-00C04F79EFBC}") = "ExpoShared.Domain", "ExpoShared\UExpo.Domain\ExpoShared.Domain.csproj", "{5BAF8535-CDA2-4DB6-8C03-58469241480A}"
EndProject
Project("{FAE04EC0-301F-11D3-BF4B-00C04F79EFBC}") = "ExpoShared.Application", "ExpoShared\UExpo.Application\ExpoShared.Application.csproj", "{49893C05-60B3-43D6-B4F9-C2CF239222D7}"
EndProject
Project("{FAE04EC0-301F-11D3-BF4B-00C04F79EFBC}") = "ExpoApp.Application", "ExpoApp.Application\ExpoApp.Application.csproj", "{196F246F-858D-4813-905A-A636917600DE}"
EndProject
Global
	GlobalSection(SolutionConfigurationPlatforms) = preSolution
		Debug|Any CPU = Debug|Any CPU
		Release|Any CPU = Release|Any CPU
	EndGlobalSection
	GlobalSection(ProjectConfigurationPlatforms) = postSolution
		{1A89B0B9-8016-489E-B92E-0E3DAA72F338}.Debug|Any CPU.ActiveCfg = Debug|Any CPU
		{1A89B0B9-8016-489E-B92E-0E3DAA72F338}.Debug|Any CPU.Build.0 = Debug|Any CPU
		{1A89B0B9-8016-489E-B92E-0E3DAA72F338}.Release|Any CPU.ActiveCfg = Release|Any CPU
		{1A89B0B9-8016-489E-B92E-0E3DAA72F338}.Release|Any CPU.Build.0 = Release|Any CPU
		{AB488ECA-E418-48D4-924A-BBA2A74BECA5}.Debug|Any CPU.ActiveCfg = Debug|Any CPU
		{AB488ECA-E418-48D4-924A-BBA2A74BECA5}.Debug|Any CPU.Build.0 = Debug|Any CPU
		{AB488ECA-E418-48D4-924A-BBA2A74BECA5}.Release|Any CPU.ActiveCfg = Release|Any CPU
		{AB488ECA-E418-48D4-924A-BBA2A74BECA5}.Release|Any CPU.Build.0 = Release|Any CPU
		{5CCE6067-5D3B-4AF0-85B7-C176CBFB3AF0}.Debug|Any CPU.ActiveCfg = Debug|Any CPU
		{5CCE6067-5D3B-4AF0-85B7-C176CBFB3AF0}.Debug|Any CPU.Build.0 = Debug|Any CPU
		{5CCE6067-5D3B-4AF0-85B7-C176CBFB3AF0}.Release|Any CPU.ActiveCfg = Release|Any CPU
		{5CCE6067-5D3B-4AF0-85B7-C176CBFB3AF0}.Release|Any CPU.Build.0 = Release|Any CPU
		{5BAF8535-CDA2-4DB6-8C03-58469241480A}.Debug|Any CPU.ActiveCfg = Debug|Any CPU
		{5BAF8535-CDA2-4DB6-8C03-58469241480A}.Debug|Any CPU.Build.0 = Debug|Any CPU
		{5BAF8535-CDA2-4DB6-8C03-58469241480A}.Release|Any CPU.ActiveCfg = Release|Any CPU
		{5BAF8535-CDA2-4DB6-8C03-58469241480A}.Release|Any CPU.Build.0 = Release|Any CPU
		{49893C05-60B3-43D6-B4F9-C2CF239222D7}.Debug|Any CPU.ActiveCfg = Debug|Any CPU
		{49893C05-60B3-43D6-B4F9-C2CF239222D7}.Debug|Any CPU.Build.0 = Debug|Any CPU
		{49893C05-60B3-43D6-B4F9-C2CF239222D7}.Release|Any CPU.ActiveCfg = Release|Any CPU
		{49893C05-60B3-43D6-B4F9-C2CF239222D7}.Release|Any CPU.Build.0 = Release|Any CPU
		{196F246F-858D-4813-905A-A636917600DE}.Debug|Any CPU.ActiveCfg = Debug|Any CPU
		{196F246F-858D-4813-905A-A636917600DE}.Debug|Any CPU.Build.0 = Debug|Any CPU
		{196F246F-858D-4813-905A-A636917600DE}.Release|Any CPU.ActiveCfg = Release|Any CPU
		{196F246F-858D-4813-905A-A636917600DE}.Release|Any CPU.Build.0 = Release|Any CPU
	EndGlobalSection
	GlobalSection(SolutionProperties) = preSolution
		HideSolutionNode = FALSE
	EndGlobalSection
	GlobalSection(ExtensibilityGlobals) = postSolution
		SolutionGuid = {B83FDF24-F407-42D7-9E59-7AB450BB1305}
	EndGlobalSection
	GlobalSection(NestedProjects) = preSolution
		{AB488ECA-E418-48D4-924A-BBA2A74BECA5} = {253F6DA0-B4EC-4893-A4E4-E1C25640FA0E}
		{5CCE6067-5D3B-4AF0-85B7-C176CBFB3AF0} = {253F6DA0-B4EC-4893-A4E4-E1C25640FA0E}
		{5BAF8535-CDA2-4DB6-8C03-58469241480A} = {253F6DA0-B4EC-4893-A4E4-E1C25640FA0E}
		{49893C05-60B3-43D6-B4F9-C2CF239222D7} = {253F6DA0-B4EC-4893-A4E4-E1C25640FA0E}
	EndGlobalSection
EndGlobal
