
Microsoft Visual Studio Solution File, Format Version 12.00
# Visual Studio Version 17
VisualStudioVersion = 17.10.35013.160
MinimumVisualStudioVersion = 10.0.40219.1
Project("{FAE04EC0-301F-11D3-BF4B-00C04F79EFBC}") = "UExpo.Api", "UExpo\UExpo.Api.csproj", "{1A89B0B9-8016-489E-B92E-0E3DAA72F338}"
EndProject
Project("{FAE04EC0-301F-11D3-BF4B-00C04F79EFBC}") = "UExpo.Application", "UExpo.Application\UExpo.Application.csproj", "{9B59353D-2F87-42DB-BCEF-EEEFF19B773A}"
EndProject
Project("{FAE04EC0-301F-11D3-BF4B-00C04F79EFBC}") = "UExpo.Domain", "UExpo.Domain\UExpo.Domain.csproj", "{01074E0A-0984-4121-891C-1403637F0172}"
EndProject
Project("{FAE04EC0-301F-11D3-BF4B-00C04F79EFBC}") = "UExpo.Infrastructure", "UExpo.Infrastructure\UExpo.Infrastructure.csproj", "{9B0DE8A6-D2CC-4F1D-9B07-5417215EE432}"
EndProject
Project("{FAE04EC0-301F-11D3-BF4B-00C04F79EFBC}") = "UExpo.Repository", "UExpo.Repository\UExpo.Repository.csproj", "{59F395EC-53CC-4A11-8520-3E1A8588D736}"
EndProject
Global
	GlobalSection(SolutionConfigurationPlatforms) = preSolution
		Debug|Any CPU = Debug|Any CPU
		Release|Any CPU = Release|Any CPU
	EndGlobalSection
	GlobalSection(ProjectConfigurationPlatforms) = postSolution
		{1A89B0B9-8016-489E-B92E-0E3DAA72F338}.Debug|Any CPU.ActiveCfg = Debug|Any CPU
		{1A89B0B9-8016-489E-B92E-0E3DAA72F338}.Debug|Any CPU.Build.0 = Debug|Any CPU
		{1A89B0B9-8016-489E-B92E-0E3DAA72F338}.Release|Any CPU.ActiveCfg = Release|Any CPU
		{1A89B0B9-8016-489E-B92E-0E3DAA72F338}.Release|Any CPU.Build.0 = Release|Any CPU
		{9B59353D-2F87-42DB-BCEF-EEEFF19B773A}.Debug|Any CPU.ActiveCfg = Debug|Any CPU
		{9B59353D-2F87-42DB-BCEF-EEEFF19B773A}.Debug|Any CPU.Build.0 = Debug|Any CPU
		{9B59353D-2F87-42DB-BCEF-EEEFF19B773A}.Release|Any CPU.ActiveCfg = Release|Any CPU
		{9B59353D-2F87-42DB-BCEF-EEEFF19B773A}.Release|Any CPU.Build.0 = Release|Any CPU
		{01074E0A-0984-4121-891C-1403637F0172}.Debug|Any CPU.ActiveCfg = Debug|Any CPU
		{01074E0A-0984-4121-891C-1403637F0172}.Debug|Any CPU.Build.0 = Debug|Any CPU
		{01074E0A-0984-4121-891C-1403637F0172}.Release|Any CPU.ActiveCfg = Release|Any CPU
		{01074E0A-0984-4121-891C-1403637F0172}.Release|Any CPU.Build.0 = Release|Any CPU
		{9B0DE8A6-D2CC-4F1D-9B07-5417215EE432}.Debug|Any CPU.ActiveCfg = Debug|Any CPU
		{9B0DE8A6-D2CC-4F1D-9B07-5417215EE432}.Debug|Any CPU.Build.0 = Debug|Any CPU
		{9B0DE8A6-D2CC-4F1D-9B07-5417215EE432}.Release|Any CPU.ActiveCfg = Release|Any CPU
		{9B0DE8A6-D2CC-4F1D-9B07-5417215EE432}.Release|Any CPU.Build.0 = Release|Any CPU
		{59F395EC-53CC-4A11-8520-3E1A8588D736}.Debug|Any CPU.ActiveCfg = Debug|Any CPU
		{59F395EC-53CC-4A11-8520-3E1A8588D736}.Debug|Any CPU.Build.0 = Debug|Any CPU
		{59F395EC-53CC-4A11-8520-3E1A8588D736}.Release|Any CPU.ActiveCfg = Release|Any CPU
		{59F395EC-53CC-4A11-8520-3E1A8588D736}.Release|Any CPU.Build.0 = Release|Any CPU
	EndGlobalSection
	GlobalSection(SolutionProperties) = preSolution
		HideSolutionNode = FALSE
	EndGlobalSection
	GlobalSection(ExtensibilityGlobals) = postSolution
		SolutionGuid = {B83FDF24-F407-42D7-9E59-7AB450BB1305}
	EndGlobalSection
EndGlobal
